// !$*UTF8*$!
{
	archiveVersion = 1;
	classes = {
	};
	objectVersion = 46;
	objects = {

/* Begin PBXBuildFile section */
		03E544D717E4378400E8F81B /* CoreData.framework in Frameworks */ = {isa = PBXBuildFile; fileRef = 03E544D617E4378400E8F81B /* CoreData.framework */; };
		03E544DA17E437DE00E8F81B /* DataModel.xcdatamodeld in Sources */ = {isa = PBXBuildFile; fileRef = 03E544D817E437DE00E8F81B /* DataModel.xcdatamodeld */; };
		03E544DD17E437F000E8F81B /* DataModel.m in Sources */ = {isa = PBXBuildFile; fileRef = 03E544DC17E437F000E8F81B /* DataModel.m */; };
		03E544E817E43DA300E8F81B /* DataModel+Helper.m in Sources */ = {isa = PBXBuildFile; fileRef = 03E544E717E43DA300E8F81B /* DataModel+Helper.m */; };
		03E544EB17E43F4400E8F81B /* Search.m in Sources */ = {isa = PBXBuildFile; fileRef = 03E544EA17E43F4400E8F81B /* Search.m */; };
		03E544EE17E43F4400E8F81B /* SearchResult.m in Sources */ = {isa = PBXBuildFile; fileRef = 03E544ED17E43F4400E8F81B /* SearchResult.m */; };
		03E544F117E4418900E8F81B /* ARSearchViewController.m in Sources */ = {isa = PBXBuildFile; fileRef = 03E544F017E4418900E8F81B /* ARSearchViewController.m */; };
		03E544F617E442A000E8F81B /* Localizable.strings in Resources */ = {isa = PBXBuildFile; fileRef = 03E544F417E442A000E8F81B /* Localizable.strings */; };
		03E544F917E444CB00E8F81B /* tbSearch@2x.png in Resources */ = {isa = PBXBuildFile; fileRef = 03E544F817E444CB00E8F81B /* tbSearch@2x.png */; };
		03E544FC17E4450400E8F81B /* ARSearchesViewController.m in Sources */ = {isa = PBXBuildFile; fileRef = 03E544FB17E4450400E8F81B /* ARSearchesViewController.m */; };
		23452C7C12A74830A7D8F91E /* libPods.a in Frameworks */ = {isa = PBXBuildFile; fileRef = FE1680E96B5B447A898FDFF2 /* libPods.a */; };
		712F128217E37F4000EA2363 /* Foundation.framework in Frameworks */ = {isa = PBXBuildFile; fileRef = 712F128117E37F4000EA2363 /* Foundation.framework */; };
		712F128417E37F4000EA2363 /* CoreGraphics.framework in Frameworks */ = {isa = PBXBuildFile; fileRef = 712F128317E37F4000EA2363 /* CoreGraphics.framework */; };
		712F128617E37F4000EA2363 /* UIKit.framework in Frameworks */ = {isa = PBXBuildFile; fileRef = 712F128517E37F4000EA2363 /* UIKit.framework */; };
		712F128C17E37F4000EA2363 /* InfoPlist.strings in Resources */ = {isa = PBXBuildFile; fileRef = 712F128A17E37F4000EA2363 /* InfoPlist.strings */; };
		712F128E17E37F4000EA2363 /* main.m in Sources */ = {isa = PBXBuildFile; fileRef = 712F128D17E37F4000EA2363 /* main.m */; };
		712F129217E37F4000EA2363 /* ARAppDelegate.m in Sources */ = {isa = PBXBuildFile; fileRef = 712F129117E37F4000EA2363 /* ARAppDelegate.m */; };
		712F129D17E37F4000EA2363 /* Images.xcassets in Resources */ = {isa = PBXBuildFile; fileRef = 712F129C17E37F4000EA2363 /* Images.xcassets */; };
		712F12A417E37F4000EA2363 /* XCTest.framework in Frameworks */ = {isa = PBXBuildFile; fileRef = 712F12A317E37F4000EA2363 /* XCTest.framework */; };
		712F12A517E37F4000EA2363 /* Foundation.framework in Frameworks */ = {isa = PBXBuildFile; fileRef = 712F128117E37F4000EA2363 /* Foundation.framework */; };
		712F12A617E37F4000EA2363 /* UIKit.framework in Frameworks */ = {isa = PBXBuildFile; fileRef = 712F128517E37F4000EA2363 /* UIKit.framework */; };
		712F12AE17E37F4000EA2363 /* InfoPlist.strings in Resources */ = {isa = PBXBuildFile; fileRef = 712F12AC17E37F4000EA2363 /* InfoPlist.strings */; };
		712F12B017E37F4000EA2363 /* ArendatorTests.m in Sources */ = {isa = PBXBuildFile; fileRef = 712F12AF17E37F4000EA2363 /* ArendatorTests.m */; };
		712F12BB17E3806F00EA2363 /* ARTabBarVC.m in Sources */ = {isa = PBXBuildFile; fileRef = 712F12BA17E3806F00EA2363 /* ARTabBarVC.m */; };
/* End PBXBuildFile section */

/* Begin PBXContainerItemProxy section */
		712F12A717E37F4000EA2363 /* PBXContainerItemProxy */ = {
			isa = PBXContainerItemProxy;
			containerPortal = 712F127617E37F4000EA2363 /* Project object */;
			proxyType = 1;
			remoteGlobalIDString = 712F127D17E37F4000EA2363;
			remoteInfo = Arendator;
		};
/* End PBXContainerItemProxy section */

/* Begin PBXFileReference section */
		03E544D617E4378400E8F81B /* CoreData.framework */ = {isa = PBXFileReference; lastKnownFileType = wrapper.framework; name = CoreData.framework; path = System/Library/Frameworks/CoreData.framework; sourceTree = SDKROOT; };
		03E544D917E437DE00E8F81B /* DataModel.xcdatamodel */ = {isa = PBXFileReference; lastKnownFileType = wrapper.xcdatamodel; path = DataModel.xcdatamodel; sourceTree = "<group>"; };
		03E544DB17E437F000E8F81B /* DataModel.h */ = {isa = PBXFileReference; fileEncoding = 4; lastKnownFileType = sourcecode.c.h; path = DataModel.h; sourceTree = "<group>"; };
		03E544DC17E437F000E8F81B /* DataModel.m */ = {isa = PBXFileReference; fileEncoding = 4; lastKnownFileType = sourcecode.c.objc; path = DataModel.m; sourceTree = "<group>"; };
		03E544E617E43DA300E8F81B /* DataModel+Helper.h */ = {isa = PBXFileReference; fileEncoding = 4; lastKnownFileType = sourcecode.c.h; path = "DataModel+Helper.h"; sourceTree = "<group>"; };
		03E544E717E43DA300E8F81B /* DataModel+Helper.m */ = {isa = PBXFileReference; fileEncoding = 4; lastKnownFileType = sourcecode.c.objc; path = "DataModel+Helper.m"; sourceTree = "<group>"; };
		03E544E917E43F4400E8F81B /* Search.h */ = {isa = PBXFileReference; fileEncoding = 4; lastKnownFileType = sourcecode.c.h; path = Search.h; sourceTree = "<group>"; };
		03E544EA17E43F4400E8F81B /* Search.m */ = {isa = PBXFileReference; fileEncoding = 4; lastKnownFileType = sourcecode.c.objc; path = Search.m; sourceTree = "<group>"; };
		03E544EC17E43F4400E8F81B /* SearchResult.h */ = {isa = PBXFileReference; fileEncoding = 4; lastKnownFileType = sourcecode.c.h; path = SearchResult.h; sourceTree = "<group>"; };
		03E544ED17E43F4400E8F81B /* SearchResult.m */ = {isa = PBXFileReference; fileEncoding = 4; lastKnownFileType = sourcecode.c.objc; path = SearchResult.m; sourceTree = "<group>"; };
		03E544EF17E4418900E8F81B /* ARSearchViewController.h */ = {isa = PBXFileReference; fileEncoding = 4; lastKnownFileType = sourcecode.c.h; path = ARSearchViewController.h; sourceTree = "<group>"; };
		03E544F017E4418900E8F81B /* ARSearchViewController.m */ = {isa = PBXFileReference; fileEncoding = 4; lastKnownFileType = sourcecode.c.objc; path = ARSearchViewController.m; sourceTree = "<group>"; };
		03E544F517E442A000E8F81B /* en */ = {isa = PBXFileReference; lastKnownFileType = text.plist.strings; name = en; path = en.lproj/Localizable.strings; sourceTree = "<group>"; };
		03E544F817E444CB00E8F81B /* tbSearch@2x.png */ = {isa = PBXFileReference; lastKnownFileType = image.png; name = "tbSearch@2x.png"; path = "Arendator/Images/tbSearch@2x.png"; sourceTree = "<group>"; };
		03E544FA17E4450400E8F81B /* ARSearchesViewController.h */ = {isa = PBXFileReference; fileEncoding = 4; lastKnownFileType = sourcecode.c.h; path = ARSearchesViewController.h; sourceTree = "<group>"; };
		03E544FB17E4450400E8F81B /* ARSearchesViewController.m */ = {isa = PBXFileReference; fileEncoding = 4; lastKnownFileType = sourcecode.c.objc; path = ARSearchesViewController.m; sourceTree = "<group>"; };
		62300BE0BFDB45FBA72777F6 /* Pods.xcconfig */ = {isa = PBXFileReference; includeInIndex = 1; lastKnownFileType = text.xcconfig; name = Pods.xcconfig; path = Pods/Pods.xcconfig; sourceTree = "<group>"; };
		712F127E17E37F4000EA2363 /* Arendator.app */ = {isa = PBXFileReference; explicitFileType = wrapper.application; includeInIndex = 0; path = Arendator.app; sourceTree = BUILT_PRODUCTS_DIR; };
		712F128117E37F4000EA2363 /* Foundation.framework */ = {isa = PBXFileReference; lastKnownFileType = wrapper.framework; name = Foundation.framework; path = System/Library/Frameworks/Foundation.framework; sourceTree = SDKROOT; };
		712F128317E37F4000EA2363 /* CoreGraphics.framework */ = {isa = PBXFileReference; lastKnownFileType = wrapper.framework; name = CoreGraphics.framework; path = System/Library/Frameworks/CoreGraphics.framework; sourceTree = SDKROOT; };
		712F128517E37F4000EA2363 /* UIKit.framework */ = {isa = PBXFileReference; lastKnownFileType = wrapper.framework; name = UIKit.framework; path = System/Library/Frameworks/UIKit.framework; sourceTree = SDKROOT; };
		712F128917E37F4000EA2363 /* Arendator-Info.plist */ = {isa = PBXFileReference; lastKnownFileType = text.plist.xml; path = "Arendator-Info.plist"; sourceTree = "<group>"; };
		712F128B17E37F4000EA2363 /* en */ = {isa = PBXFileReference; lastKnownFileType = text.plist.strings; name = en; path = en.lproj/InfoPlist.strings; sourceTree = "<group>"; };
		712F128D17E37F4000EA2363 /* main.m */ = {isa = PBXFileReference; lastKnownFileType = sourcecode.c.objc; path = main.m; sourceTree = "<group>"; };
		712F128F17E37F4000EA2363 /* Arendator-Prefix.pch */ = {isa = PBXFileReference; lastKnownFileType = sourcecode.c.h; path = "Arendator-Prefix.pch"; sourceTree = "<group>"; };
		712F129017E37F4000EA2363 /* ARAppDelegate.h */ = {isa = PBXFileReference; lastKnownFileType = sourcecode.c.h; path = ARAppDelegate.h; sourceTree = "<group>"; };
		712F129117E37F4000EA2363 /* ARAppDelegate.m */ = {isa = PBXFileReference; lastKnownFileType = sourcecode.c.objc; path = ARAppDelegate.m; sourceTree = "<group>"; };
		712F129C17E37F4000EA2363 /* Images.xcassets */ = {isa = PBXFileReference; lastKnownFileType = folder.assetcatalog; path = Images.xcassets; sourceTree = "<group>"; };
		712F12A217E37F4000EA2363 /* ArendatorTests.xctest */ = {isa = PBXFileReference; explicitFileType = wrapper.cfbundle; includeInIndex = 0; path = ArendatorTests.xctest; sourceTree = BUILT_PRODUCTS_DIR; };
		712F12A317E37F4000EA2363 /* XCTest.framework */ = {isa = PBXFileReference; lastKnownFileType = wrapper.framework; name = XCTest.framework; path = Library/Frameworks/XCTest.framework; sourceTree = DEVELOPER_DIR; };
		712F12AB17E37F4000EA2363 /* ArendatorTests-Info.plist */ = {isa = PBXFileReference; lastKnownFileType = text.plist.xml; path = "ArendatorTests-Info.plist"; sourceTree = "<group>"; };
		712F12AD17E37F4000EA2363 /* en */ = {isa = PBXFileReference; lastKnownFileType = text.plist.strings; name = en; path = en.lproj/InfoPlist.strings; sourceTree = "<group>"; };
		712F12AF17E37F4000EA2363 /* ArendatorTests.m */ = {isa = PBXFileReference; lastKnownFileType = sourcecode.c.objc; path = ArendatorTests.m; sourceTree = "<group>"; };
		712F12B917E3806F00EA2363 /* ARTabBarVC.h */ = {isa = PBXFileReference; fileEncoding = 4; lastKnownFileType = sourcecode.c.h; path = ARTabBarVC.h; sourceTree = "<group>"; };
		712F12BA17E3806F00EA2363 /* ARTabBarVC.m */ = {isa = PBXFileReference; fileEncoding = 4; lastKnownFileType = sourcecode.c.objc; path = ARTabBarVC.m; sourceTree = "<group>"; };
		FE1680E96B5B447A898FDFF2 /* libPods.a */ = {isa = PBXFileReference; explicitFileType = archive.ar; includeInIndex = 0; path = libPods.a; sourceTree = BUILT_PRODUCTS_DIR; };
/* End PBXFileReference section */

/* Begin PBXFrameworksBuildPhase section */
		712F127B17E37F4000EA2363 /* Frameworks */ = {
			isa = PBXFrameworksBuildPhase;
			buildActionMask = 2147483647;
			files = (
				03E544D717E4378400E8F81B /* CoreData.framework in Frameworks */,
				712F128417E37F4000EA2363 /* CoreGraphics.framework in Frameworks */,
				712F128617E37F4000EA2363 /* UIKit.framework in Frameworks */,
				712F128217E37F4000EA2363 /* Foundation.framework in Frameworks */,
				23452C7C12A74830A7D8F91E /* libPods.a in Frameworks */,
			);
			runOnlyForDeploymentPostprocessing = 0;
		};
		712F129F17E37F4000EA2363 /* Frameworks */ = {
			isa = PBXFrameworksBuildPhase;
			buildActionMask = 2147483647;
			files = (
				712F12A417E37F4000EA2363 /* XCTest.framework in Frameworks */,
				712F12A617E37F4000EA2363 /* UIKit.framework in Frameworks */,
				712F12A517E37F4000EA2363 /* Foundation.framework in Frameworks */,
			);
			runOnlyForDeploymentPostprocessing = 0;
		};
/* End PBXFrameworksBuildPhase section */

/* Begin PBXGroup section */
		03E544DE17E43BC800E8F81B /* DataModel */ = {
			isa = PBXGroup;
			children = (
				03E544DF17E43D4700E8F81B /* ManagedClasses */,
				03E544D817E437DE00E8F81B /* DataModel.xcdatamodeld */,
				03E544DB17E437F000E8F81B /* DataModel.h */,
				03E544DC17E437F000E8F81B /* DataModel.m */,
				03E544E617E43DA300E8F81B /* DataModel+Helper.h */,
				03E544E717E43DA300E8F81B /* DataModel+Helper.m */,
			);
			name = DataModel;
			path = Arendator;
			sourceTree = "<group>";
		};
		03E544DF17E43D4700E8F81B /* ManagedClasses */ = {
			isa = PBXGroup;
			children = (
				03E544EC17E43F4400E8F81B /* SearchResult.h */,
				03E544ED17E43F4400E8F81B /* SearchResult.m */,
				03E544E917E43F4400E8F81B /* Search.h */,
				03E544EA17E43F4400E8F81B /* Search.m */,
			);
			name = ManagedClasses;
			sourceTree = "<group>";
		};
		03E544F717E443F500E8F81B /* Images */ = {
			isa = PBXGroup;
			children = (
				03E544F817E444CB00E8F81B /* tbSearch@2x.png */,
			);
			name = Images;
			sourceTree = "<group>";
		};
		712F127517E37F4000EA2363 = {
			isa = PBXGroup;
			children = (
				03E544F717E443F500E8F81B /* Images */,
				03E544DE17E43BC800E8F81B /* DataModel */,
				712F128717E37F4000EA2363 /* Arendator */,
				712F12A917E37F4000EA2363 /* ArendatorTests */,
				712F128017E37F4000EA2363 /* Frameworks */,
				712F127F17E37F4000EA2363 /* Products */,
				62300BE0BFDB45FBA72777F6 /* Pods.xcconfig */,
			);
			sourceTree = "<group>";
		};
		712F127F17E37F4000EA2363 /* Products */ = {
			isa = PBXGroup;
			children = (
				712F127E17E37F4000EA2363 /* Arendator.app */,
				712F12A217E37F4000EA2363 /* ArendatorTests.xctest */,
			);
			name = Products;
			sourceTree = "<group>";
		};
		712F128017E37F4000EA2363 /* Frameworks */ = {
			isa = PBXGroup;
			children = (
				03E544D617E4378400E8F81B /* CoreData.framework */,
				712F128117E37F4000EA2363 /* Foundation.framework */,
				712F128317E37F4000EA2363 /* CoreGraphics.framework */,
				712F128517E37F4000EA2363 /* UIKit.framework */,
				712F12A317E37F4000EA2363 /* XCTest.framework */,
				FE1680E96B5B447A898FDFF2 /* libPods.a */,
			);
			name = Frameworks;
			sourceTree = "<group>";
		};
		712F128717E37F4000EA2363 /* Arendator */ = {
			isa = PBXGroup;
			children = (
				712F129017E37F4000EA2363 /* ARAppDelegate.h */,
				712F129117E37F4000EA2363 /* ARAppDelegate.m */,
				712F12B917E3806F00EA2363 /* ARTabBarVC.h */,
				712F12BA17E3806F00EA2363 /* ARTabBarVC.m */,
				712F129C17E37F4000EA2363 /* Images.xcassets */,
				712F128817E37F4000EA2363 /* Supporting Files */,
				03E544EF17E4418900E8F81B /* ARSearchViewController.h */,
				03E544F017E4418900E8F81B /* ARSearchViewController.m */,
				03E544FA17E4450400E8F81B /* ARSearchesViewController.h */,
				03E544FB17E4450400E8F81B /* ARSearchesViewController.m */,
			);
			path = Arendator;
			sourceTree = "<group>";
		};
		712F128817E37F4000EA2363 /* Supporting Files */ = {
			isa = PBXGroup;
			children = (
				03E544F417E442A000E8F81B /* Localizable.strings */,
				712F128917E37F4000EA2363 /* Arendator-Info.plist */,
				712F128A17E37F4000EA2363 /* InfoPlist.strings */,
				712F128D17E37F4000EA2363 /* main.m */,
				712F128F17E37F4000EA2363 /* Arendator-Prefix.pch */,
			);
			name = "Supporting Files";
			sourceTree = "<group>";
		};
		712F12A917E37F4000EA2363 /* ArendatorTests */ = {
			isa = PBXGroup;
			children = (
				712F12AF17E37F4000EA2363 /* ArendatorTests.m */,
				712F12AA17E37F4000EA2363 /* Supporting Files */,
			);
			path = ArendatorTests;
			sourceTree = "<group>";
		};
		712F12AA17E37F4000EA2363 /* Supporting Files */ = {
			isa = PBXGroup;
			children = (
				712F12AB17E37F4000EA2363 /* ArendatorTests-Info.plist */,
				712F12AC17E37F4000EA2363 /* InfoPlist.strings */,
			);
			name = "Supporting Files";
			sourceTree = "<group>";
		};
/* End PBXGroup section */

/* Begin PBXNativeTarget section */
		712F127D17E37F4000EA2363 /* Arendator */ = {
			isa = PBXNativeTarget;
			buildConfigurationList = 712F12B317E37F4000EA2363 /* Build configuration list for PBXNativeTarget "Arendator" */;
			buildPhases = (
				D83D4E39E2C54C5F893E5023 /* Check Pods Manifest.lock */,
				712F127A17E37F4000EA2363 /* Sources */,
				712F127B17E37F4000EA2363 /* Frameworks */,
				712F127C17E37F4000EA2363 /* Resources */,
				4EF559D01B0B4E5CBC86DF7A /* Copy Pods Resources */,
			);
			buildRules = (
			);
			dependencies = (
			);
			name = Arendator;
			productName = Arendator;
			productReference = 712F127E17E37F4000EA2363 /* Arendator.app */;
			productType = "com.apple.product-type.application";
		};
		712F12A117E37F4000EA2363 /* ArendatorTests */ = {
			isa = PBXNativeTarget;
			buildConfigurationList = 712F12B617E37F4000EA2363 /* Build configuration list for PBXNativeTarget "ArendatorTests" */;
			buildPhases = (
				712F129E17E37F4000EA2363 /* Sources */,
				712F129F17E37F4000EA2363 /* Frameworks */,
				712F12A017E37F4000EA2363 /* Resources */,
			);
			buildRules = (
			);
			dependencies = (
				712F12A817E37F4000EA2363 /* PBXTargetDependency */,
			);
			name = ArendatorTests;
			productName = ArendatorTests;
			productReference = 712F12A217E37F4000EA2363 /* ArendatorTests.xctest */;
			productType = "com.apple.product-type.bundle.unit-test";
		};
/* End PBXNativeTarget section */

/* Begin PBXProject section */
		712F127617E37F4000EA2363 /* Project object */ = {
			isa = PBXProject;
			attributes = {
				CLASSPREFIX = AR;
				LastUpgradeCheck = 0500;
				ORGANIZATIONNAME = "Yury Nechaev";
				TargetAttributes = {
					712F127D17E37F4000EA2363 = {
						DevelopmentTeam = 6EZW9Z24C3;
					};
					712F12A117E37F4000EA2363 = {
						TestTargetID = 712F127D17E37F4000EA2363;
					};
				};
			};
			buildConfigurationList = 712F127917E37F4000EA2363 /* Build configuration list for PBXProject "Arendator" */;
			compatibilityVersion = "Xcode 3.2";
			developmentRegion = English;
			hasScannedForEncodings = 0;
			knownRegions = (
				en,
				Base,
			);
			mainGroup = 712F127517E37F4000EA2363;
			productRefGroup = 712F127F17E37F4000EA2363 /* Products */;
			projectDirPath = "";
			projectRoot = "";
			targets = (
				712F127D17E37F4000EA2363 /* Arendator */,
				712F12A117E37F4000EA2363 /* ArendatorTests */,
			);
		};
/* End PBXProject section */

/* Begin PBXResourcesBuildPhase section */
		712F127C17E37F4000EA2363 /* Resources */ = {
			isa = PBXResourcesBuildPhase;
			buildActionMask = 2147483647;
			files = (
				03E544F917E444CB00E8F81B /* tbSearch@2x.png in Resources */,
				712F129D17E37F4000EA2363 /* Images.xcassets in Resources */,
				03E544F617E442A000E8F81B /* Localizable.strings in Resources */,
				712F128C17E37F4000EA2363 /* InfoPlist.strings in Resources */,
			);
			runOnlyForDeploymentPostprocessing = 0;
		};
		712F12A017E37F4000EA2363 /* Resources */ = {
			isa = PBXResourcesBuildPhase;
			buildActionMask = 2147483647;
			files = (
				712F12AE17E37F4000EA2363 /* InfoPlist.strings in Resources */,
			);
			runOnlyForDeploymentPostprocessing = 0;
		};
/* End PBXResourcesBuildPhase section */

/* Begin PBXShellScriptBuildPhase section */
		4EF559D01B0B4E5CBC86DF7A /* Copy Pods Resources */ = {
			isa = PBXShellScriptBuildPhase;
			buildActionMask = 2147483647;
			files = (
			);
			inputPaths = (
			);
			name = "Copy Pods Resources";
			outputPaths = (
			);
			runOnlyForDeploymentPostprocessing = 0;
			shellPath = /bin/sh;
			shellScript = "\"${SRCROOT}/Pods/Pods-resources.sh\"\n";
			showEnvVarsInLog = 0;
		};
		D83D4E39E2C54C5F893E5023 /* Check Pods Manifest.lock */ = {
			isa = PBXShellScriptBuildPhase;
			buildActionMask = 2147483647;
			files = (
			);
			inputPaths = (
			);
			name = "Check Pods Manifest.lock";
			outputPaths = (
			);
			runOnlyForDeploymentPostprocessing = 0;
			shellPath = /bin/sh;
			shellScript = "diff \"${PODS_ROOT}/../Podfile.lock\" \"${PODS_ROOT}/Manifest.lock\" > /dev/null\nif [[ $? != 0 ]] ; then\n    cat << EOM\nerror: The sandbox is not in sync with the Podfile.lock. Run 'pod install' or update your CocoaPods installation.\nEOM\n    exit 1\nfi\n";
			showEnvVarsInLog = 0;
		};
/* End PBXShellScriptBuildPhase section */

/* Begin PBXSourcesBuildPhase section */
		712F127A17E37F4000EA2363 /* Sources */ = {
			isa = PBXSourcesBuildPhase;
			buildActionMask = 2147483647;
			files = (
				03E544EE17E43F4400E8F81B /* SearchResult.m in Sources */,
				03E544F117E4418900E8F81B /* ARSearchViewController.m in Sources */,
				03E544EB17E43F4400E8F81B /* Search.m in Sources */,
				03E544FC17E4450400E8F81B /* ARSearchesViewController.m in Sources */,
				712F128E17E37F4000EA2363 /* main.m in Sources */,
				03E544DD17E437F000E8F81B /* DataModel.m in Sources */,
				03E544E817E43DA300E8F81B /* DataModel+Helper.m in Sources */,
				03E544DA17E437DE00E8F81B /* DataModel.xcdatamodeld in Sources */,
				712F129217E37F4000EA2363 /* ARAppDelegate.m in Sources */,
				712F12BB17E3806F00EA2363 /* ARTabBarVC.m in Sources */,
			);
			runOnlyForDeploymentPostprocessing = 0;
		};
		712F129E17E37F4000EA2363 /* Sources */ = {
			isa = PBXSourcesBuildPhase;
			buildActionMask = 2147483647;
			files = (
				712F12B017E37F4000EA2363 /* ArendatorTests.m in Sources */,
			);
			runOnlyForDeploymentPostprocessing = 0;
		};
/* End PBXSourcesBuildPhase section */

/* Begin PBXTargetDependency section */
		712F12A817E37F4000EA2363 /* PBXTargetDependency */ = {
			isa = PBXTargetDependency;
			target = 712F127D17E37F4000EA2363 /* Arendator */;
			targetProxy = 712F12A717E37F4000EA2363 /* PBXContainerItemProxy */;
		};
/* End PBXTargetDependency section */

/* Begin PBXVariantGroup section */
		03E544F417E442A000E8F81B /* Localizable.strings */ = {
			isa = PBXVariantGroup;
			children = (
				03E544F517E442A000E8F81B /* en */,
			);
			name = Localizable.strings;
			sourceTree = "<group>";
		};
		712F128A17E37F4000EA2363 /* InfoPlist.strings */ = {
			isa = PBXVariantGroup;
			children = (
				712F128B17E37F4000EA2363 /* en */,
			);
			name = InfoPlist.strings;
			sourceTree = "<group>";
		};
		712F12AC17E37F4000EA2363 /* InfoPlist.strings */ = {
			isa = PBXVariantGroup;
			children = (
				712F12AD17E37F4000EA2363 /* en */,
			);
			name = InfoPlist.strings;
			sourceTree = "<group>";
		};
/* End PBXVariantGroup section */

/* Begin XCBuildConfiguration section */
		712F12B117E37F4000EA2363 /* Debug */ = {
			isa = XCBuildConfiguration;
			buildSettings = {
				ALWAYS_SEARCH_USER_PATHS = NO;
				ARCHS = "$(ARCHS_STANDARD_INCLUDING_64_BIT)";
				CLANG_CXX_LANGUAGE_STANDARD = "gnu++0x";
				CLANG_CXX_LIBRARY = "libc++";
				CLANG_ENABLE_MODULES = YES;
				CLANG_ENABLE_OBJC_ARC = YES;
				CLANG_WARN_BOOL_CONVERSION = YES;
				CLANG_WARN_CONSTANT_CONVERSION = YES;
				CLANG_WARN_DIRECT_OBJC_ISA_USAGE = YES_ERROR;
				CLANG_WARN_EMPTY_BODY = YES;
				CLANG_WARN_ENUM_CONVERSION = YES;
				CLANG_WARN_INT_CONVERSION = YES;
				CLANG_WARN_OBJC_ROOT_CLASS = YES_ERROR;
				CLANG_WARN__DUPLICATE_METHOD_MATCH = YES;
				"CODE_SIGN_IDENTITY[sdk=iphoneos*]" = "iPhone Developer";
				COPY_PHASE_STRIP = NO;
				GCC_C_LANGUAGE_STANDARD = gnu99;
				GCC_DYNAMIC_NO_PIC = NO;
				GCC_OPTIMIZATION_LEVEL = 0;
				GCC_PREPROCESSOR_DEFINITIONS = (
					"DEBUG=1",
					"$(inherited)",
				);
				GCC_SYMBOLS_PRIVATE_EXTERN = NO;
				GCC_WARN_64_TO_32_BIT_CONVERSION = YES;
				GCC_WARN_ABOUT_RETURN_TYPE = YES_ERROR;
				GCC_WARN_UNDECLARED_SELECTOR = YES;
				GCC_WARN_UNINITIALIZED_AUTOS = YES;
				GCC_WARN_UNUSED_FUNCTION = YES;
				GCC_WARN_UNUSED_VARIABLE = YES;
				IPHONEOS_DEPLOYMENT_TARGET = 7.0;
				ONLY_ACTIVE_ARCH = YES;
				SDKROOT = iphoneos;
			};
			name = Debug;
		};
		712F12B217E37F4000EA2363 /* Release */ = {
			isa = XCBuildConfiguration;
			buildSettings = {
				ALWAYS_SEARCH_USER_PATHS = NO;
				ARCHS = "$(ARCHS_STANDARD_INCLUDING_64_BIT)";
				CLANG_CXX_LANGUAGE_STANDARD = "gnu++0x";
				CLANG_CXX_LIBRARY = "libc++";
				CLANG_ENABLE_MODULES = YES;
				CLANG_ENABLE_OBJC_ARC = YES;
				CLANG_WARN_BOOL_CONVERSION = YES;
				CLANG_WARN_CONSTANT_CONVERSION = YES;
				CLANG_WARN_DIRECT_OBJC_ISA_USAGE = YES_ERROR;
				CLANG_WARN_EMPTY_BODY = YES;
				CLANG_WARN_ENUM_CONVERSION = YES;
				CLANG_WARN_INT_CONVERSION = YES;
				CLANG_WARN_OBJC_ROOT_CLASS = YES_ERROR;
				CLANG_WARN__DUPLICATE_METHOD_MATCH = YES;
				"CODE_SIGN_IDENTITY[sdk=iphoneos*]" = "iPhone Developer";
				COPY_PHASE_STRIP = YES;
				ENABLE_NS_ASSERTIONS = NO;
				GCC_C_LANGUAGE_STANDARD = gnu99;
				GCC_WARN_64_TO_32_BIT_CONVERSION = YES;
				GCC_WARN_ABOUT_RETURN_TYPE = YES_ERROR;
				GCC_WARN_UNDECLARED_SELECTOR = YES;
				GCC_WARN_UNINITIALIZED_AUTOS = YES;
				GCC_WARN_UNUSED_FUNCTION = YES;
				GCC_WARN_UNUSED_VARIABLE = YES;
				IPHONEOS_DEPLOYMENT_TARGET = 7.0;
				SDKROOT = iphoneos;
				VALIDATE_PRODUCT = YES;
			};
			name = Release;
		};
		712F12B417E37F4000EA2363 /* Debug */ = {
			isa = XCBuildConfiguration;
			baseConfigurationReference = 62300BE0BFDB45FBA72777F6 /* Pods.xcconfig */;
			buildSettings = {
				ASSETCATALOG_COMPILER_APPICON_NAME = AppIcon;
				ASSETCATALOG_COMPILER_LAUNCHIMAGE_NAME = LaunchImage;
				CODE_SIGN_IDENTITY = "iPhone Developer";
				GCC_PRECOMPILE_PREFIX_HEADER = YES;
				GCC_PREFIX_HEADER = "Arendator/Arendator-Prefix.pch";
				INFOPLIST_FILE = "Arendator/Arendator-Info.plist";
				PRODUCT_NAME = "$(TARGET_NAME)";
				WRAPPER_EXTENSION = app;
			};
			name = Debug;
		};
		712F12B517E37F4000EA2363 /* Release */ = {
			isa = XCBuildConfiguration;
			baseConfigurationReference = 62300BE0BFDB45FBA72777F6 /* Pods.xcconfig */;
			buildSettings = {
				ASSETCATALOG_COMPILER_APPICON_NAME = AppIcon;
				ASSETCATALOG_COMPILER_LAUNCHIMAGE_NAME = LaunchImage;
				CODE_SIGN_IDENTITY = "iPhone Developer";
				GCC_PRECOMPILE_PREFIX_HEADER = YES;
				GCC_PREFIX_HEADER = "Arendator/Arendator-Prefix.pch";
				INFOPLIST_FILE = "Arendator/Arendator-Info.plist";
				PRODUCT_NAME = "$(TARGET_NAME)";
				WRAPPER_EXTENSION = app;
			};
			name = Release;
		};
		712F12B717E37F4000EA2363 /* Debug */ = {
			isa = XCBuildConfiguration;
			buildSettings = {
				ARCHS = "$(ARCHS_STANDARD_INCLUDING_64_BIT)";
				BUNDLE_LOADER = "$(BUILT_PRODUCTS_DIR)/Arendator.app/Arendator";
				FRAMEWORK_SEARCH_PATHS = (
					"$(SDKROOT)/Developer/Library/Frameworks",
					"$(inherited)",
					"$(DEVELOPER_FRAMEWORKS_DIR)",
				);
				GCC_PRECOMPILE_PREFIX_HEADER = YES;
				GCC_PREFIX_HEADER = "Arendator/Arendator-Prefix.pch";
				GCC_PREPROCESSOR_DEFINITIONS = (
					"DEBUG=1",
					"$(inherited)",
				);
				INFOPLIST_FILE = "ArendatorTests/ArendatorTests-Info.plist";
				PRODUCT_NAME = "$(TARGET_NAME)";
				TEST_HOST = "$(BUNDLE_LOADER)";
				WRAPPER_EXTENSION = xctest;
			};
			name = Debug;
		};
		712F12B817E37F4000EA2363 /* Release */ = {
			isa = XCBuildConfiguration;
			buildSettings = {
				ARCHS = "$(ARCHS_STANDARD_INCLUDING_64_BIT)";
				BUNDLE_LOADER = "$(BUILT_PRODUCTS_DIR)/Arendator.app/Arendator";
				FRAMEWORK_SEARCH_PATHS = (
					"$(SDKROOT)/Developer/Library/Frameworks",
					"$(inherited)",
					"$(DEVELOPER_FRAMEWORKS_DIR)",
				);
				GCC_PRECOMPILE_PREFIX_HEADER = YES;
				GCC_PREFIX_HEADER = "Arendator/Arendator-Prefix.pch";
				INFOPLIST_FILE = "ArendatorTests/ArendatorTests-Info.plist";
				PRODUCT_NAME = "$(TARGET_NAME)";
				TEST_HOST = "$(BUNDLE_LOADER)";
				WRAPPER_EXTENSION = xctest;
			};
			name = Release;
		};
/* End XCBuildConfiguration section */

/* Begin XCConfigurationList section */
		712F127917E37F4000EA2363 /* Build configuration list for PBXProject "Arendator" */ = {
			isa = XCConfigurationList;
			buildConfigurations = (
				712F12B117E37F4000EA2363 /* Debug */,
				712F12B217E37F4000EA2363 /* Release */,
			);
			defaultConfigurationIsVisible = 0;
			defaultConfigurationName = Release;
		};
		712F12B317E37F4000EA2363 /* Build configuration list for PBXNativeTarget "Arendator" */ = {
			isa = XCConfigurationList;
			buildConfigurations = (
				712F12B417E37F4000EA2363 /* Debug */,
				712F12B517E37F4000EA2363 /* Release */,
			);
			defaultConfigurationIsVisible = 0;
			defaultConfigurationName = Release;
		};
		712F12B617E37F4000EA2363 /* Build configuration list for PBXNativeTarget "ArendatorTests" */ = {
			isa = XCConfigurationList;
			buildConfigurations = (
				712F12B717E37F4000EA2363 /* Debug */,
				712F12B817E37F4000EA2363 /* Release */,
			);
			defaultConfigurationIsVisible = 0;
			defaultConfigurationName = Release;
		};
/* End XCConfigurationList section */

/* Begin XCVersionGroup section */
		03E544D817E437DE00E8F81B /* DataModel.xcdatamodeld */ = {
			isa = XCVersionGroup;
			children = (
				03E544D917E437DE00E8F81B /* DataModel.xcdatamodel */,
			);
			currentVersion = 03E544D917E437DE00E8F81B /* DataModel.xcdatamodel */;
			name = DataModel.xcdatamodeld;
			path = ../DataModel.xcdatamodeld;
			sourceTree = "<group>";
			versionGroupType = wrapper.xcdatamodel;
		};
/* End XCVersionGroup section */
	};
	rootObject = 712F127617E37F4000EA2363 /* Project object */;
}
