// !$*UTF8*$!
{
	archiveVersion = 1;
	classes = {
	};
	objectVersion = 46;
	objects = {

/* Begin PBXBuildFile section */
		032FD46517E4D2B5005D1CD8 /* metroLine[1]@2x.png in Resources */ = {isa = PBXBuildFile; fileRef = 032FD46017E4D2B5005D1CD8 /* metroLine[1]@2x.png */; };
		032FD46617E4D2B5005D1CD8 /* metroLine[2]@2x.png in Resources */ = {isa = PBXBuildFile; fileRef = 032FD46117E4D2B5005D1CD8 /* metroLine[2]@2x.png */; };
		032FD46717E4D2B5005D1CD8 /* metroLine[3]@2x.png in Resources */ = {isa = PBXBuildFile; fileRef = 032FD46217E4D2B5005D1CD8 /* metroLine[3]@2x.png */; };
		032FD46817E4D2B5005D1CD8 /* metroLine[4]@2x.png in Resources */ = {isa = PBXBuildFile; fileRef = 032FD46317E4D2B5005D1CD8 /* metroLine[4]@2x.png */; };
		032FD46917E4D2B5005D1CD8 /* metroLine[5]@2x.png in Resources */ = {isa = PBXBuildFile; fileRef = 032FD46417E4D2B5005D1CD8 /* metroLine[5]@2x.png */; };
		032FD46C17E4D5F1005D1CD8 /* ARFavoritesViewController.m in Sources */ = {isa = PBXBuildFile; fileRef = 032FD46B17E4D5F1005D1CD8 /* ARFavoritesViewController.m */; };
		032FD46F17E4D605005D1CD8 /* ARAddViewController.m in Sources */ = {isa = PBXBuildFile; fileRef = 032FD46E17E4D605005D1CD8 /* ARAddViewController.m */; };
		032FD47217E4D6DC005D1CD8 /* tbFavorites@2x.png in Resources */ = {isa = PBXBuildFile; fileRef = 032FD47017E4D6DC005D1CD8 /* tbFavorites@2x.png */; };
		032FD47317E4D6DC005D1CD8 /* tbPlus@2x.png in Resources */ = {isa = PBXBuildFile; fileRef = 032FD47117E4D6DC005D1CD8 /* tbPlus@2x.png */; };
		032FD47517E4D8B1005D1CD8 /* btSearch@2x.png in Resources */ = {isa = PBXBuildFile; fileRef = 032FD47417E4D8B1005D1CD8 /* btSearch@2x.png */; };
		034FE2D817E4592E001D1226 /* landscape.png in Resources */ = {isa = PBXBuildFile; fileRef = 034FE2D717E4592E001D1226 /* landscape.png */; };
		034FE2DB17E4593A001D1226 /* Localizable.strings in Resources */ = {isa = PBXBuildFile; fileRef = 034FE2D917E4593A001D1226 /* Localizable.strings */; };
		0362468017E4748900CCCE34 /* ARSearchResultsViewController.m in Sources */ = {isa = PBXBuildFile; fileRef = 0362467F17E4748900CCCE34 /* ARSearchResultsViewController.m */; };
		0362468317E4749B00CCCE34 /* ARSearchResultViewController.m in Sources */ = {isa = PBXBuildFile; fileRef = 0362468217E4749B00CCCE34 /* ARSearchResultViewController.m */; };
		0362468517E4771100CCCE34 /* tbAbout@2x.png in Resources */ = {isa = PBXBuildFile; fileRef = 0362468417E4771100CCCE34 /* tbAbout@2x.png */; };
		0362468B17E4775100CCCE34 /* ARAboutViewcontroller.m in Sources */ = {isa = PBXBuildFile; fileRef = 0362468A17E4775100CCCE34 /* ARAboutViewcontroller.m */; };
		0362468E17E47DAA00CCCE34 /* ARMetroStationSelector.m in Sources */ = {isa = PBXBuildFile; fileRef = 0362468D17E47DAA00CCCE34 /* ARMetroStationSelector.m */; };
		03BCCC9E17E491FE00CA02CF /* ARPriceSelector.m in Sources */ = {isa = PBXBuildFile; fileRef = 03BCCC9D17E491FE00CA02CF /* ARPriceSelector.m */; };
		03BCCCA117E4920A00CA02CF /* ARRoomCountSelector.m in Sources */ = {isa = PBXBuildFile; fileRef = 03BCCCA017E4920A00CA02CF /* ARRoomCountSelector.m */; };
		03BCCCAA17E4A8D700CA02CF /* ARBlockingView.m in Sources */ = {isa = PBXBuildFile; fileRef = 03BCCCA917E4A8D700CA02CF /* ARBlockingView.m */; };
		03BCCCAD17E4AF2600CA02CF /* Search.m in Sources */ = {isa = PBXBuildFile; fileRef = 03BCCCAC17E4AF2600CA02CF /* Search.m */; };
		03BCCCB017E4AF2600CA02CF /* SearchResult.m in Sources */ = {isa = PBXBuildFile; fileRef = 03BCCCAF17E4AF2600CA02CF /* SearchResult.m */; };
		03E5450017E448BA00E8F81B /* DataModel.xcdatamodeld in Sources */ = {isa = PBXBuildFile; fileRef = 03E544FE17E448BA00E8F81B /* DataModel.xcdatamodeld */; };
		03E5450517E448C900E8F81B /* DataModel.m in Sources */ = {isa = PBXBuildFile; fileRef = 03E5450217E448C900E8F81B /* DataModel.m */; };
		03E5450617E448C900E8F81B /* DataModel+Helper.m in Sources */ = {isa = PBXBuildFile; fileRef = 03E5450417E448C900E8F81B /* DataModel+Helper.m */; };
		03E5451317E448EA00E8F81B /* ARSearchesViewController.m in Sources */ = {isa = PBXBuildFile; fileRef = 03E5451017E448EA00E8F81B /* ARSearchesViewController.m */; };
		03E5451417E448EA00E8F81B /* ARSearchViewController.m in Sources */ = {isa = PBXBuildFile; fileRef = 03E5451217E448EA00E8F81B /* ARSearchViewController.m */; };
		03E5451717E4490400E8F81B /* tbSearch@2x.png in Resources */ = {isa = PBXBuildFile; fileRef = 03E5451617E4490400E8F81B /* tbSearch@2x.png */; };
		03E5451A17E44B2500E8F81B /* spb_metro.json in Resources */ = {isa = PBXBuildFile; fileRef = 03E5451917E44B2500E8F81B /* spb_metro.json */; };
		03E5451D17E44B3A00E8F81B /* ARMetroStations.m in Sources */ = {isa = PBXBuildFile; fileRef = 03E5451C17E44B3A00E8F81B /* ARMetroStations.m */; };
		03E5452417E44E1300E8F81B /* ARBaseViewController.m in Sources */ = {isa = PBXBuildFile; fileRef = 03E5452317E44E1300E8F81B /* ARBaseViewController.m */; };
		23452C7C12A74830A7D8F91E /* libPods.a in Frameworks */ = {isa = PBXBuildFile; fileRef = FE1680E96B5B447A898FDFF2 /* libPods.a */; };
		7106A6B917E48A0A002469FC /* TFHpple.m in Sources */ = {isa = PBXBuildFile; fileRef = 7106A6B417E48A0A002469FC /* TFHpple.m */; };
		7106A6BA17E48A0A002469FC /* TFHppleElement.m in Sources */ = {isa = PBXBuildFile; fileRef = 7106A6B617E48A0A002469FC /* TFHppleElement.m */; };
		7106A6BB17E48A0A002469FC /* XPathQuery.m in Sources */ = {isa = PBXBuildFile; fileRef = 7106A6B817E48A0A002469FC /* XPathQuery.m */; };
		710DA76017E4551C00D59298 /* MobileCoreServices.framework in Frameworks */ = {isa = PBXBuildFile; fileRef = 710DA75F17E4551C00D59298 /* MobileCoreServices.framework */; };
		712F128217E37F4000EA2363 /* Foundation.framework in Frameworks */ = {isa = PBXBuildFile; fileRef = 712F128117E37F4000EA2363 /* Foundation.framework */; };
		712F128417E37F4000EA2363 /* CoreGraphics.framework in Frameworks */ = {isa = PBXBuildFile; fileRef = 712F128317E37F4000EA2363 /* CoreGraphics.framework */; };
		712F128617E37F4000EA2363 /* UIKit.framework in Frameworks */ = {isa = PBXBuildFile; fileRef = 712F128517E37F4000EA2363 /* UIKit.framework */; };
		712F128C17E37F4000EA2363 /* InfoPlist.strings in Resources */ = {isa = PBXBuildFile; fileRef = 712F128A17E37F4000EA2363 /* InfoPlist.strings */; };
		712F128E17E37F4000EA2363 /* main.m in Sources */ = {isa = PBXBuildFile; fileRef = 712F128D17E37F4000EA2363 /* main.m */; };
		712F129217E37F4000EA2363 /* ARAppDelegate.m in Sources */ = {isa = PBXBuildFile; fileRef = 712F129117E37F4000EA2363 /* ARAppDelegate.m */; };
		712F129D17E37F4000EA2363 /* Images.xcassets in Resources */ = {isa = PBXBuildFile; fileRef = 712F129C17E37F4000EA2363 /* Images.xcassets */; };
		712F12A417E37F4000EA2363 /* XCTest.framework in Frameworks */ = {isa = PBXBuildFile; fileRef = 712F12A317E37F4000EA2363 /* XCTest.framework */; };
		712F12A517E37F4000EA2363 /* Foundation.framework in Frameworks */ = {isa = PBXBuildFile; fileRef = 712F128117E37F4000EA2363 /* Foundation.framework */; };
		712F12A617E37F4000EA2363 /* UIKit.framework in Frameworks */ = {isa = PBXBuildFile; fileRef = 712F128517E37F4000EA2363 /* UIKit.framework */; };
		712F12AE17E37F4000EA2363 /* InfoPlist.strings in Resources */ = {isa = PBXBuildFile; fileRef = 712F12AC17E37F4000EA2363 /* InfoPlist.strings */; };
		712F12B017E37F4000EA2363 /* ArendatorTests.m in Sources */ = {isa = PBXBuildFile; fileRef = 712F12AF17E37F4000EA2363 /* ArendatorTests.m */; };
		712F12BB17E3806F00EA2363 /* ARTabBarVC.m in Sources */ = {isa = PBXBuildFile; fileRef = 712F12BA17E3806F00EA2363 /* ARTabBarVC.m */; };
		71737D8817E4457B0047B1C4 /* SystemConfiguration.framework in Frameworks */ = {isa = PBXBuildFile; fileRef = 71737D8717E4457B0047B1C4 /* SystemConfiguration.framework */; };
		71CF7D7817E43E5300048063 /* ARCIANFetcher.m in Sources */ = {isa = PBXBuildFile; fileRef = 71CF7D7717E43E5300048063 /* ARCIANFetcher.m */; };
		71DE254417E45A5200DF20F9 /* libxml2.dylib in Frameworks */ = {isa = PBXBuildFile; fileRef = 71DE254317E45A5200DF20F9 /* libxml2.dylib */; };
/* End PBXBuildFile section */

/* Begin PBXContainerItemProxy section */
		712F12A717E37F4000EA2363 /* PBXContainerItemProxy */ = {
			isa = PBXContainerItemProxy;
			containerPortal = 712F127617E37F4000EA2363 /* Project object */;
			proxyType = 1;
			remoteGlobalIDString = 712F127D17E37F4000EA2363;
			remoteInfo = Arendator;
		};
/* End PBXContainerItemProxy section */

/* Begin PBXFileReference section */
		032FD46017E4D2B5005D1CD8 /* metroLine[1]@2x.png */ = {isa = PBXFileReference; lastKnownFileType = image.png; name = "metroLine[1]@2x.png"; path = "Arendator/Images/metroLine[1]@2x.png"; sourceTree = "<group>"; };
		032FD46117E4D2B5005D1CD8 /* metroLine[2]@2x.png */ = {isa = PBXFileReference; lastKnownFileType = image.png; name = "metroLine[2]@2x.png"; path = "Arendator/Images/metroLine[2]@2x.png"; sourceTree = "<group>"; };
		032FD46217E4D2B5005D1CD8 /* metroLine[3]@2x.png */ = {isa = PBXFileReference; lastKnownFileType = image.png; name = "metroLine[3]@2x.png"; path = "Arendator/Images/metroLine[3]@2x.png"; sourceTree = "<group>"; };
		032FD46317E4D2B5005D1CD8 /* metroLine[4]@2x.png */ = {isa = PBXFileReference; lastKnownFileType = image.png; name = "metroLine[4]@2x.png"; path = "Arendator/Images/metroLine[4]@2x.png"; sourceTree = "<group>"; };
		032FD46417E4D2B5005D1CD8 /* metroLine[5]@2x.png */ = {isa = PBXFileReference; lastKnownFileType = image.png; name = "metroLine[5]@2x.png"; path = "Arendator/Images/metroLine[5]@2x.png"; sourceTree = "<group>"; };
		032FD46A17E4D5F1005D1CD8 /* ARFavoritesViewController.h */ = {isa = PBXFileReference; fileEncoding = 4; lastKnownFileType = sourcecode.c.h; path = ARFavoritesViewController.h; sourceTree = "<group>"; };
		032FD46B17E4D5F1005D1CD8 /* ARFavoritesViewController.m */ = {isa = PBXFileReference; fileEncoding = 4; lastKnownFileType = sourcecode.c.objc; path = ARFavoritesViewController.m; sourceTree = "<group>"; };
		032FD46D17E4D605005D1CD8 /* ARAddViewController.h */ = {isa = PBXFileReference; fileEncoding = 4; lastKnownFileType = sourcecode.c.h; path = ARAddViewController.h; sourceTree = "<group>"; };
		032FD46E17E4D605005D1CD8 /* ARAddViewController.m */ = {isa = PBXFileReference; fileEncoding = 4; lastKnownFileType = sourcecode.c.objc; path = ARAddViewController.m; sourceTree = "<group>"; };
		032FD47017E4D6DC005D1CD8 /* tbFavorites@2x.png */ = {isa = PBXFileReference; lastKnownFileType = image.png; name = "tbFavorites@2x.png"; path = "Arendator/Images/tbFavorites@2x.png"; sourceTree = "<group>"; };
		032FD47117E4D6DC005D1CD8 /* tbPlus@2x.png */ = {isa = PBXFileReference; lastKnownFileType = image.png; name = "tbPlus@2x.png"; path = "Arendator/Images/tbPlus@2x.png"; sourceTree = "<group>"; };
		032FD47417E4D8B1005D1CD8 /* btSearch@2x.png */ = {isa = PBXFileReference; lastKnownFileType = image.png; name = "btSearch@2x.png"; path = "Arendator/Images/btSearch@2x.png"; sourceTree = "<group>"; };
		034FE2D717E4592E001D1226 /* landscape.png */ = {isa = PBXFileReference; lastKnownFileType = image.png; name = landscape.png; path = Arendator/Images/landscape.png; sourceTree = "<group>"; };
		034FE2DA17E4593A001D1226 /* en */ = {isa = PBXFileReference; lastKnownFileType = text.plist.strings; name = en; path = en.lproj/Localizable.strings; sourceTree = "<group>"; };
		0362467E17E4748900CCCE34 /* ARSearchResultsViewController.h */ = {isa = PBXFileReference; fileEncoding = 4; lastKnownFileType = sourcecode.c.h; path = ARSearchResultsViewController.h; sourceTree = "<group>"; };
		0362467F17E4748900CCCE34 /* ARSearchResultsViewController.m */ = {isa = PBXFileReference; fileEncoding = 4; lastKnownFileType = sourcecode.c.objc; path = ARSearchResultsViewController.m; sourceTree = "<group>"; };
		0362468117E4749B00CCCE34 /* ARSearchResultViewController.h */ = {isa = PBXFileReference; fileEncoding = 4; lastKnownFileType = sourcecode.c.h; path = ARSearchResultViewController.h; sourceTree = "<group>"; };
		0362468217E4749B00CCCE34 /* ARSearchResultViewController.m */ = {isa = PBXFileReference; fileEncoding = 4; lastKnownFileType = sourcecode.c.objc; path = ARSearchResultViewController.m; sourceTree = "<group>"; };
		0362468417E4771100CCCE34 /* tbAbout@2x.png */ = {isa = PBXFileReference; lastKnownFileType = image.png; name = "tbAbout@2x.png"; path = "Arendator/Images/tbAbout@2x.png"; sourceTree = "<group>"; };
		0362468917E4775100CCCE34 /* ARAboutViewcontroller.h */ = {isa = PBXFileReference; fileEncoding = 4; lastKnownFileType = sourcecode.c.h; path = ARAboutViewcontroller.h; sourceTree = "<group>"; };
		0362468A17E4775100CCCE34 /* ARAboutViewcontroller.m */ = {isa = PBXFileReference; fileEncoding = 4; lastKnownFileType = sourcecode.c.objc; path = ARAboutViewcontroller.m; sourceTree = "<group>"; };
		0362468C17E47DAA00CCCE34 /* ARMetroStationSelector.h */ = {isa = PBXFileReference; fileEncoding = 4; lastKnownFileType = sourcecode.c.h; path = ARMetroStationSelector.h; sourceTree = "<group>"; };
		0362468D17E47DAA00CCCE34 /* ARMetroStationSelector.m */ = {isa = PBXFileReference; fileEncoding = 4; lastKnownFileType = sourcecode.c.objc; path = ARMetroStationSelector.m; sourceTree = "<group>"; };
		03BCCC9C17E491FE00CA02CF /* ARPriceSelector.h */ = {isa = PBXFileReference; fileEncoding = 4; lastKnownFileType = sourcecode.c.h; path = ARPriceSelector.h; sourceTree = "<group>"; };
		03BCCC9D17E491FE00CA02CF /* ARPriceSelector.m */ = {isa = PBXFileReference; fileEncoding = 4; lastKnownFileType = sourcecode.c.objc; path = ARPriceSelector.m; sourceTree = "<group>"; };
		03BCCC9F17E4920A00CA02CF /* ARRoomCountSelector.h */ = {isa = PBXFileReference; fileEncoding = 4; lastKnownFileType = sourcecode.c.h; path = ARRoomCountSelector.h; sourceTree = "<group>"; };
		03BCCCA017E4920A00CA02CF /* ARRoomCountSelector.m */ = {isa = PBXFileReference; fileEncoding = 4; lastKnownFileType = sourcecode.c.objc; path = ARRoomCountSelector.m; sourceTree = "<group>"; };
		03BCCCA817E4A8D700CA02CF /* ARBlockingView.h */ = {isa = PBXFileReference; fileEncoding = 4; lastKnownFileType = sourcecode.c.h; path = ARBlockingView.h; sourceTree = "<group>"; };
		03BCCCA917E4A8D700CA02CF /* ARBlockingView.m */ = {isa = PBXFileReference; fileEncoding = 4; lastKnownFileType = sourcecode.c.objc; path = ARBlockingView.m; sourceTree = "<group>"; };
		03BCCCAB17E4AF2600CA02CF /* Search.h */ = {isa = PBXFileReference; fileEncoding = 4; lastKnownFileType = sourcecode.c.h; name = Search.h; path = Arendator/ManagedClasses/Search.h; sourceTree = "<group>"; };
		03BCCCAC17E4AF2600CA02CF /* Search.m */ = {isa = PBXFileReference; fileEncoding = 4; lastKnownFileType = sourcecode.c.objc; name = Search.m; path = Arendator/ManagedClasses/Search.m; sourceTree = "<group>"; };
		03BCCCAE17E4AF2600CA02CF /* SearchResult.h */ = {isa = PBXFileReference; fileEncoding = 4; lastKnownFileType = sourcecode.c.h; name = SearchResult.h; path = Arendator/ManagedClasses/SearchResult.h; sourceTree = "<group>"; };
		03BCCCAF17E4AF2600CA02CF /* SearchResult.m */ = {isa = PBXFileReference; fileEncoding = 4; lastKnownFileType = sourcecode.c.objc; name = SearchResult.m; path = Arendator/ManagedClasses/SearchResult.m; sourceTree = "<group>"; };
		03E544FF17E448BA00E8F81B /* DataModel.xcdatamodel */ = {isa = PBXFileReference; lastKnownFileType = wrapper.xcdatamodel; path = DataModel.xcdatamodel; sourceTree = "<group>"; };
		03E5450117E448C900E8F81B /* DataModel.h */ = {isa = PBXFileReference; fileEncoding = 4; lastKnownFileType = sourcecode.c.h; name = DataModel.h; path = Arendator/DataModel.h; sourceTree = "<group>"; };
		03E5450217E448C900E8F81B /* DataModel.m */ = {isa = PBXFileReference; fileEncoding = 4; lastKnownFileType = sourcecode.c.objc; name = DataModel.m; path = Arendator/DataModel.m; sourceTree = "<group>"; };
		03E5450317E448C900E8F81B /* DataModel+Helper.h */ = {isa = PBXFileReference; fileEncoding = 4; lastKnownFileType = sourcecode.c.h; name = "DataModel+Helper.h"; path = "Arendator/DataModel+Helper.h"; sourceTree = "<group>"; };
		03E5450417E448C900E8F81B /* DataModel+Helper.m */ = {isa = PBXFileReference; fileEncoding = 4; lastKnownFileType = sourcecode.c.objc; name = "DataModel+Helper.m"; path = "Arendator/DataModel+Helper.m"; sourceTree = "<group>"; };
		03E5450F17E448EA00E8F81B /* ARSearchesViewController.h */ = {isa = PBXFileReference; fileEncoding = 4; lastKnownFileType = sourcecode.c.h; path = ARSearchesViewController.h; sourceTree = "<group>"; };
		03E5451017E448EA00E8F81B /* ARSearchesViewController.m */ = {isa = PBXFileReference; fileEncoding = 4; lastKnownFileType = sourcecode.c.objc; path = ARSearchesViewController.m; sourceTree = "<group>"; };
		03E5451117E448EA00E8F81B /* ARSearchViewController.h */ = {isa = PBXFileReference; fileEncoding = 4; lastKnownFileType = sourcecode.c.h; path = ARSearchViewController.h; sourceTree = "<group>"; };
		03E5451217E448EA00E8F81B /* ARSearchViewController.m */ = {isa = PBXFileReference; fileEncoding = 4; lastKnownFileType = sourcecode.c.objc; path = ARSearchViewController.m; sourceTree = "<group>"; };
		03E5451617E4490400E8F81B /* tbSearch@2x.png */ = {isa = PBXFileReference; lastKnownFileType = image.png; name = "tbSearch@2x.png"; path = "Arendator/Images/tbSearch@2x.png"; sourceTree = "<group>"; };
		03E5451917E44B2500E8F81B /* spb_metro.json */ = {isa = PBXFileReference; fileEncoding = 4; lastKnownFileType = text.json; name = spb_metro.json; path = Arendator/Data/spb_metro.json; sourceTree = "<group>"; };
		03E5451B17E44B3A00E8F81B /* ARMetroStations.h */ = {isa = PBXFileReference; fileEncoding = 4; lastKnownFileType = sourcecode.c.h; name = ARMetroStations.h; path = Arendator/ARMetroStations.h; sourceTree = "<group>"; };
		03E5451C17E44B3A00E8F81B /* ARMetroStations.m */ = {isa = PBXFileReference; fileEncoding = 4; lastKnownFileType = sourcecode.c.objc; name = ARMetroStations.m; path = Arendator/ARMetroStations.m; sourceTree = "<group>"; };
		03E5452217E44E1300E8F81B /* ARBaseViewController.h */ = {isa = PBXFileReference; fileEncoding = 4; lastKnownFileType = sourcecode.c.h; path = ARBaseViewController.h; sourceTree = "<group>"; };
		03E5452317E44E1300E8F81B /* ARBaseViewController.m */ = {isa = PBXFileReference; fileEncoding = 4; lastKnownFileType = sourcecode.c.objc; path = ARBaseViewController.m; sourceTree = "<group>"; };
		62300BE0BFDB45FBA72777F6 /* Pods.xcconfig */ = {isa = PBXFileReference; includeInIndex = 1; lastKnownFileType = text.xcconfig; name = Pods.xcconfig; path = Pods/Pods.xcconfig; sourceTree = "<group>"; };
		7106A6B317E48A0A002469FC /* TFHpple.h */ = {isa = PBXFileReference; fileEncoding = 4; lastKnownFileType = sourcecode.c.h; name = TFHpple.h; path = Arendator/Parser/TFHpple.h; sourceTree = "<group>"; };
		7106A6B417E48A0A002469FC /* TFHpple.m */ = {isa = PBXFileReference; fileEncoding = 4; lastKnownFileType = sourcecode.c.objc; name = TFHpple.m; path = Arendator/Parser/TFHpple.m; sourceTree = "<group>"; };
		7106A6B517E48A0A002469FC /* TFHppleElement.h */ = {isa = PBXFileReference; fileEncoding = 4; lastKnownFileType = sourcecode.c.h; name = TFHppleElement.h; path = Arendator/Parser/TFHppleElement.h; sourceTree = "<group>"; };
		7106A6B617E48A0A002469FC /* TFHppleElement.m */ = {isa = PBXFileReference; fileEncoding = 4; lastKnownFileType = sourcecode.c.objc; name = TFHppleElement.m; path = Arendator/Parser/TFHppleElement.m; sourceTree = "<group>"; };
		7106A6B717E48A0A002469FC /* XPathQuery.h */ = {isa = PBXFileReference; fileEncoding = 4; lastKnownFileType = sourcecode.c.h; name = XPathQuery.h; path = Arendator/Parser/XPathQuery.h; sourceTree = "<group>"; };
		7106A6B817E48A0A002469FC /* XPathQuery.m */ = {isa = PBXFileReference; fileEncoding = 4; lastKnownFileType = sourcecode.c.objc; name = XPathQuery.m; path = Arendator/Parser/XPathQuery.m; sourceTree = "<group>"; };
		710DA75F17E4551C00D59298 /* MobileCoreServices.framework */ = {isa = PBXFileReference; lastKnownFileType = wrapper.framework; name = MobileCoreServices.framework; path = System/Library/Frameworks/MobileCoreServices.framework; sourceTree = SDKROOT; };
		712F127E17E37F4000EA2363 /* Arendator.app */ = {isa = PBXFileReference; explicitFileType = wrapper.application; includeInIndex = 0; path = Arendator.app; sourceTree = BUILT_PRODUCTS_DIR; };
		712F128117E37F4000EA2363 /* Foundation.framework */ = {isa = PBXFileReference; lastKnownFileType = wrapper.framework; name = Foundation.framework; path = System/Library/Frameworks/Foundation.framework; sourceTree = SDKROOT; };
		712F128317E37F4000EA2363 /* CoreGraphics.framework */ = {isa = PBXFileReference; lastKnownFileType = wrapper.framework; name = CoreGraphics.framework; path = System/Library/Frameworks/CoreGraphics.framework; sourceTree = SDKROOT; };
		712F128517E37F4000EA2363 /* UIKit.framework */ = {isa = PBXFileReference; lastKnownFileType = wrapper.framework; name = UIKit.framework; path = System/Library/Frameworks/UIKit.framework; sourceTree = SDKROOT; };
		712F128917E37F4000EA2363 /* Arendator-Info.plist */ = {isa = PBXFileReference; lastKnownFileType = text.plist.xml; path = "Arendator-Info.plist"; sourceTree = "<group>"; };
		712F128B17E37F4000EA2363 /* en */ = {isa = PBXFileReference; lastKnownFileType = text.plist.strings; name = en; path = en.lproj/InfoPlist.strings; sourceTree = "<group>"; };
		712F128D17E37F4000EA2363 /* main.m */ = {isa = PBXFileReference; lastKnownFileType = sourcecode.c.objc; path = main.m; sourceTree = "<group>"; };
		712F128F17E37F4000EA2363 /* Arendator-Prefix.pch */ = {isa = PBXFileReference; lastKnownFileType = sourcecode.c.h; path = "Arendator-Prefix.pch"; sourceTree = "<group>"; };
		712F129017E37F4000EA2363 /* ARAppDelegate.h */ = {isa = PBXFileReference; lastKnownFileType = sourcecode.c.h; path = ARAppDelegate.h; sourceTree = "<group>"; };
		712F129117E37F4000EA2363 /* ARAppDelegate.m */ = {isa = PBXFileReference; lastKnownFileType = sourcecode.c.objc; path = ARAppDelegate.m; sourceTree = "<group>"; };
		712F129C17E37F4000EA2363 /* Images.xcassets */ = {isa = PBXFileReference; lastKnownFileType = folder.assetcatalog; path = Images.xcassets; sourceTree = "<group>"; };
		712F12A217E37F4000EA2363 /* ArendatorTests.xctest */ = {isa = PBXFileReference; explicitFileType = wrapper.cfbundle; includeInIndex = 0; path = ArendatorTests.xctest; sourceTree = BUILT_PRODUCTS_DIR; };
		712F12A317E37F4000EA2363 /* XCTest.framework */ = {isa = PBXFileReference; lastKnownFileType = wrapper.framework; name = XCTest.framework; path = Library/Frameworks/XCTest.framework; sourceTree = DEVELOPER_DIR; };
		712F12AB17E37F4000EA2363 /* ArendatorTests-Info.plist */ = {isa = PBXFileReference; lastKnownFileType = text.plist.xml; path = "ArendatorTests-Info.plist"; sourceTree = "<group>"; };
		712F12AD17E37F4000EA2363 /* en */ = {isa = PBXFileReference; lastKnownFileType = text.plist.strings; name = en; path = en.lproj/InfoPlist.strings; sourceTree = "<group>"; };
		712F12AF17E37F4000EA2363 /* ArendatorTests.m */ = {isa = PBXFileReference; lastKnownFileType = sourcecode.c.objc; path = ArendatorTests.m; sourceTree = "<group>"; };
		712F12B917E3806F00EA2363 /* ARTabBarVC.h */ = {isa = PBXFileReference; fileEncoding = 4; lastKnownFileType = sourcecode.c.h; path = ARTabBarVC.h; sourceTree = "<group>"; };
		712F12BA17E3806F00EA2363 /* ARTabBarVC.m */ = {isa = PBXFileReference; fileEncoding = 4; lastKnownFileType = sourcecode.c.objc; path = ARTabBarVC.m; sourceTree = "<group>"; };
		71737D8717E4457B0047B1C4 /* SystemConfiguration.framework */ = {isa = PBXFileReference; lastKnownFileType = wrapper.framework; name = SystemConfiguration.framework; path = System/Library/Frameworks/SystemConfiguration.framework; sourceTree = SDKROOT; };
		71CF7D7617E43E5300048063 /* ARCIANFetcher.h */ = {isa = PBXFileReference; fileEncoding = 4; lastKnownFileType = sourcecode.c.h; name = ARCIANFetcher.h; path = Arendator/ARCIANFetcher.h; sourceTree = "<group>"; };
		71CF7D7717E43E5300048063 /* ARCIANFetcher.m */ = {isa = PBXFileReference; fileEncoding = 4; lastKnownFileType = sourcecode.c.objc; name = ARCIANFetcher.m; path = Arendator/ARCIANFetcher.m; sourceTree = "<group>"; };
		71DE254317E45A5200DF20F9 /* libxml2.dylib */ = {isa = PBXFileReference; lastKnownFileType = "compiled.mach-o.dylib"; name = libxml2.dylib; path = usr/lib/libxml2.dylib; sourceTree = SDKROOT; };
		FE1680E96B5B447A898FDFF2 /* libPods.a */ = {isa = PBXFileReference; explicitFileType = archive.ar; includeInIndex = 0; path = libPods.a; sourceTree = BUILT_PRODUCTS_DIR; };
/* End PBXFileReference section */

/* Begin PBXFrameworksBuildPhase section */
		712F127B17E37F4000EA2363 /* Frameworks */ = {
			isa = PBXFrameworksBuildPhase;
			buildActionMask = 2147483647;
			files = (
				71DE254417E45A5200DF20F9 /* libxml2.dylib in Frameworks */,
				710DA76017E4551C00D59298 /* MobileCoreServices.framework in Frameworks */,
				71737D8817E4457B0047B1C4 /* SystemConfiguration.framework in Frameworks */,
				712F128417E37F4000EA2363 /* CoreGraphics.framework in Frameworks */,
				712F128617E37F4000EA2363 /* UIKit.framework in Frameworks */,
				712F128217E37F4000EA2363 /* Foundation.framework in Frameworks */,
				23452C7C12A74830A7D8F91E /* libPods.a in Frameworks */,
			);
			runOnlyForDeploymentPostprocessing = 0;
		};
		712F129F17E37F4000EA2363 /* Frameworks */ = {
			isa = PBXFrameworksBuildPhase;
			buildActionMask = 2147483647;
			files = (
				712F12A417E37F4000EA2363 /* XCTest.framework in Frameworks */,
				712F12A617E37F4000EA2363 /* UIKit.framework in Frameworks */,
				712F12A517E37F4000EA2363 /* Foundation.framework in Frameworks */,
			);
			runOnlyForDeploymentPostprocessing = 0;
		};
/* End PBXFrameworksBuildPhase section */

/* Begin PBXGroup section */
		03E544FD17E448B000E8F81B /* DataModel */ = {
			isa = PBXGroup;
			children = (
				03E5450717E448CC00E8F81B /* ManagedClasses */,
				03E5450117E448C900E8F81B /* DataModel.h */,
				03E5450217E448C900E8F81B /* DataModel.m */,
				03E5450317E448C900E8F81B /* DataModel+Helper.h */,
				03E5450417E448C900E8F81B /* DataModel+Helper.m */,
				03E544FE17E448BA00E8F81B /* DataModel.xcdatamodeld */,
				03E5451B17E44B3A00E8F81B /* ARMetroStations.h */,
				03E5451C17E44B3A00E8F81B /* ARMetroStations.m */,
			);
			name = DataModel;
			sourceTree = "<group>";
		};
		03E5450717E448CC00E8F81B /* ManagedClasses */ = {
			isa = PBXGroup;
			children = (
				03BCCCAE17E4AF2600CA02CF /* SearchResult.h */,
				03BCCCAF17E4AF2600CA02CF /* SearchResult.m */,
				03BCCCAB17E4AF2600CA02CF /* Search.h */,
				03BCCCAC17E4AF2600CA02CF /* Search.m */,
			);
			name = ManagedClasses;
			sourceTree = "<group>";
		};
		03E5450E17E448E000E8F81B /* UI */ = {
			isa = PBXGroup;
			children = (
				712F12B917E3806F00EA2363 /* ARTabBarVC.h */,
				712F12BA17E3806F00EA2363 /* ARTabBarVC.m */,
				03E5452217E44E1300E8F81B /* ARBaseViewController.h */,
				03E5452317E44E1300E8F81B /* ARBaseViewController.m */,
				03E5451117E448EA00E8F81B /* ARSearchViewController.h */,
				03E5451217E448EA00E8F81B /* ARSearchViewController.m */,
				03E5450F17E448EA00E8F81B /* ARSearchesViewController.h */,
				03E5451017E448EA00E8F81B /* ARSearchesViewController.m */,
				0362468917E4775100CCCE34 /* ARAboutViewcontroller.h */,
				0362468A17E4775100CCCE34 /* ARAboutViewcontroller.m */,
				0362468117E4749B00CCCE34 /* ARSearchResultViewController.h */,
				0362468217E4749B00CCCE34 /* ARSearchResultViewController.m */,
				0362467E17E4748900CCCE34 /* ARSearchResultsViewController.h */,
				0362467F17E4748900CCCE34 /* ARSearchResultsViewController.m */,
				0362468C17E47DAA00CCCE34 /* ARMetroStationSelector.h */,
				0362468D17E47DAA00CCCE34 /* ARMetroStationSelector.m */,
				03BCCC9C17E491FE00CA02CF /* ARPriceSelector.h */,
				03BCCC9D17E491FE00CA02CF /* ARPriceSelector.m */,
				03BCCC9F17E4920A00CA02CF /* ARRoomCountSelector.h */,
				03BCCCA017E4920A00CA02CF /* ARRoomCountSelector.m */,
				03BCCCA817E4A8D700CA02CF /* ARBlockingView.h */,
				03BCCCA917E4A8D700CA02CF /* ARBlockingView.m */,
				032FD46A17E4D5F1005D1CD8 /* ARFavoritesViewController.h */,
				032FD46B17E4D5F1005D1CD8 /* ARFavoritesViewController.m */,
				032FD46D17E4D605005D1CD8 /* ARAddViewController.h */,
				032FD46E17E4D605005D1CD8 /* ARAddViewController.m */,
			);
			name = UI;
			sourceTree = "<group>";
		};
		03E5451517E448F700E8F81B /* Images */ = {
			isa = PBXGroup;
			children = (
				032FD47417E4D8B1005D1CD8 /* btSearch@2x.png */,
				032FD47017E4D6DC005D1CD8 /* tbFavorites@2x.png */,
				032FD47117E4D6DC005D1CD8 /* tbPlus@2x.png */,
				032FD46017E4D2B5005D1CD8 /* metroLine[1]@2x.png */,
				032FD46117E4D2B5005D1CD8 /* metroLine[2]@2x.png */,
				032FD46217E4D2B5005D1CD8 /* metroLine[3]@2x.png */,
				032FD46317E4D2B5005D1CD8 /* metroLine[4]@2x.png */,
				032FD46417E4D2B5005D1CD8 /* metroLine[5]@2x.png */,
				0362468417E4771100CCCE34 /* tbAbout@2x.png */,
				034FE2D717E4592E001D1226 /* landscape.png */,
				03E5451617E4490400E8F81B /* tbSearch@2x.png */,
			);
			name = Images;
			sourceTree = "<group>";
		};
		03E5451817E44A7800E8F81B /* Data */ = {
			isa = PBXGroup;
			children = (
				03E5451917E44B2500E8F81B /* spb_metro.json */,
			);
			name = Data;
			sourceTree = "<group>";
		};
		7106A6BC17E48A25002469FC /* Request controllers */ = {
			isa = PBXGroup;
			children = (
				71CF7D7617E43E5300048063 /* ARCIANFetcher.h */,
				71CF7D7717E43E5300048063 /* ARCIANFetcher.m */,
			);
			name = "Request controllers";
			sourceTree = "<group>";
		};
		710DA75E17E453CA00D59298 /* Parser */ = {
			isa = PBXGroup;
			children = (
				7106A6B317E48A0A002469FC /* TFHpple.h */,
				7106A6B417E48A0A002469FC /* TFHpple.m */,
				7106A6B517E48A0A002469FC /* TFHppleElement.h */,
				7106A6B617E48A0A002469FC /* TFHppleElement.m */,
				7106A6B717E48A0A002469FC /* XPathQuery.h */,
				7106A6B817E48A0A002469FC /* XPathQuery.m */,
			);
			name = Parser;
			sourceTree = "<group>";
		};
		712F127517E37F4000EA2363 = {
			isa = PBXGroup;
			children = (
				7106A6BC17E48A25002469FC /* Request controllers */,
				710DA75E17E453CA00D59298 /* Parser */,
				03E5451817E44A7800E8F81B /* Data */,
				03E5451517E448F700E8F81B /* Images */,
				03E544FD17E448B000E8F81B /* DataModel */,
				712F128717E37F4000EA2363 /* Arendator */,
				712F12A917E37F4000EA2363 /* ArendatorTests */,
				712F128017E37F4000EA2363 /* Frameworks */,
				712F127F17E37F4000EA2363 /* Products */,
				62300BE0BFDB45FBA72777F6 /* Pods.xcconfig */,
			);
			sourceTree = "<group>";
		};
		712F127F17E37F4000EA2363 /* Products */ = {
			isa = PBXGroup;
			children = (
				712F127E17E37F4000EA2363 /* Arendator.app */,
				712F12A217E37F4000EA2363 /* ArendatorTests.xctest */,
			);
			name = Products;
			sourceTree = "<group>";
		};
		712F128017E37F4000EA2363 /* Frameworks */ = {
			isa = PBXGroup;
			children = (
				71DE254317E45A5200DF20F9 /* libxml2.dylib */,
				710DA75F17E4551C00D59298 /* MobileCoreServices.framework */,
				71737D8717E4457B0047B1C4 /* SystemConfiguration.framework */,
				712F128117E37F4000EA2363 /* Foundation.framework */,
				712F128317E37F4000EA2363 /* CoreGraphics.framework */,
				712F128517E37F4000EA2363 /* UIKit.framework */,
				712F12A317E37F4000EA2363 /* XCTest.framework */,
				FE1680E96B5B447A898FDFF2 /* libPods.a */,
			);
			name = Frameworks;
			sourceTree = "<group>";
		};
		712F128717E37F4000EA2363 /* Arendator */ = {
			isa = PBXGroup;
			children = (
				03E5450E17E448E000E8F81B /* UI */,
				712F129017E37F4000EA2363 /* ARAppDelegate.h */,
				712F129117E37F4000EA2363 /* ARAppDelegate.m */,
				712F129C17E37F4000EA2363 /* Images.xcassets */,
				712F128817E37F4000EA2363 /* Supporting Files */,
			);
			path = Arendator;
			sourceTree = "<group>";
		};
		712F128817E37F4000EA2363 /* Supporting Files */ = {
			isa = PBXGroup;
			children = (
				034FE2D917E4593A001D1226 /* Localizable.strings */,
				712F128917E37F4000EA2363 /* Arendator-Info.plist */,
				712F128A17E37F4000EA2363 /* InfoPlist.strings */,
				712F128D17E37F4000EA2363 /* main.m */,
				712F128F17E37F4000EA2363 /* Arendator-Prefix.pch */,
			);
			name = "Supporting Files";
			sourceTree = "<group>";
		};
		712F12A917E37F4000EA2363 /* ArendatorTests */ = {
			isa = PBXGroup;
			children = (
				712F12AF17E37F4000EA2363 /* ArendatorTests.m */,
				712F12AA17E37F4000EA2363 /* Supporting Files */,
			);
			path = ArendatorTests;
			sourceTree = "<group>";
		};
		712F12AA17E37F4000EA2363 /* Supporting Files */ = {
			isa = PBXGroup;
			children = (
				712F12AB17E37F4000EA2363 /* ArendatorTests-Info.plist */,
				712F12AC17E37F4000EA2363 /* InfoPlist.strings */,
			);
			name = "Supporting Files";
			sourceTree = "<group>";
		};
/* End PBXGroup section */

/* Begin PBXNativeTarget section */
		712F127D17E37F4000EA2363 /* Arendator */ = {
			isa = PBXNativeTarget;
			buildConfigurationList = 712F12B317E37F4000EA2363 /* Build configuration list for PBXNativeTarget "Arendator" */;
			buildPhases = (
				D83D4E39E2C54C5F893E5023 /* Check Pods Manifest.lock */,
				712F127A17E37F4000EA2363 /* Sources */,
				712F127B17E37F4000EA2363 /* Frameworks */,
				712F127C17E37F4000EA2363 /* Resources */,
				4EF559D01B0B4E5CBC86DF7A /* Copy Pods Resources */,
			);
			buildRules = (
			);
			dependencies = (
			);
			name = Arendator;
			productName = Arendator;
			productReference = 712F127E17E37F4000EA2363 /* Arendator.app */;
			productType = "com.apple.product-type.application";
		};
		712F12A117E37F4000EA2363 /* ArendatorTests */ = {
			isa = PBXNativeTarget;
			buildConfigurationList = 712F12B617E37F4000EA2363 /* Build configuration list for PBXNativeTarget "ArendatorTests" */;
			buildPhases = (
				712F129E17E37F4000EA2363 /* Sources */,
				712F129F17E37F4000EA2363 /* Frameworks */,
				712F12A017E37F4000EA2363 /* Resources */,
			);
			buildRules = (
			);
			dependencies = (
				712F12A817E37F4000EA2363 /* PBXTargetDependency */,
			);
			name = ArendatorTests;
			productName = ArendatorTests;
			productReference = 712F12A217E37F4000EA2363 /* ArendatorTests.xctest */;
			productType = "com.apple.product-type.bundle.unit-test";
		};
/* End PBXNativeTarget section */

/* Begin PBXProject section */
		712F127617E37F4000EA2363 /* Project object */ = {
			isa = PBXProject;
			attributes = {
				CLASSPREFIX = AR;
				LastUpgradeCheck = 0500;
				ORGANIZATIONNAME = "Yury Nechaev";
				TargetAttributes = {
					712F127D17E37F4000EA2363 = {
						DevelopmentTeam = 6EZW9Z24C3;
					};
					712F12A117E37F4000EA2363 = {
						TestTargetID = 712F127D17E37F4000EA2363;
					};
				};
			};
			buildConfigurationList = 712F127917E37F4000EA2363 /* Build configuration list for PBXProject "Arendator" */;
			compatibilityVersion = "Xcode 3.2";
			developmentRegion = English;
			hasScannedForEncodings = 0;
			knownRegions = (
				en,
				Base,
			);
			mainGroup = 712F127517E37F4000EA2363;
			productRefGroup = 712F127F17E37F4000EA2363 /* Products */;
			projectDirPath = "";
			projectRoot = "";
			targets = (
				712F127D17E37F4000EA2363 /* Arendator */,
				712F12A117E37F4000EA2363 /* ArendatorTests */,
			);
		};
/* End PBXProject section */

/* Begin PBXResourcesBuildPhase section */
		712F127C17E37F4000EA2363 /* Resources */ = {
			isa = PBXResourcesBuildPhase;
			buildActionMask = 2147483647;
			files = (
				03E5451717E4490400E8F81B /* tbSearch@2x.png in Resources */,
				034FE2DB17E4593A001D1226 /* Localizable.strings in Resources */,
				032FD47317E4D6DC005D1CD8 /* tbPlus@2x.png in Resources */,
				032FD46817E4D2B5005D1CD8 /* metroLine[4]@2x.png in Resources */,
				032FD46917E4D2B5005D1CD8 /* metroLine[5]@2x.png in Resources */,
				03E5451A17E44B2500E8F81B /* spb_metro.json in Resources */,
				032FD47517E4D8B1005D1CD8 /* btSearch@2x.png in Resources */,
				032FD46517E4D2B5005D1CD8 /* metroLine[1]@2x.png in Resources */,
				712F129D17E37F4000EA2363 /* Images.xcassets in Resources */,
				712F128C17E37F4000EA2363 /* InfoPlist.strings in Resources */,
				032FD46617E4D2B5005D1CD8 /* metroLine[2]@2x.png in Resources */,
				032FD46717E4D2B5005D1CD8 /* metroLine[3]@2x.png in Resources */,
				034FE2D817E4592E001D1226 /* landscape.png in Resources */,
				0362468517E4771100CCCE34 /* tbAbout@2x.png in Resources */,
				032FD47217E4D6DC005D1CD8 /* tbFavorites@2x.png in Resources */,
			);
			runOnlyForDeploymentPostprocessing = 0;
		};
		712F12A017E37F4000EA2363 /* Resources */ = {
			isa = PBXResourcesBuildPhase;
			buildActionMask = 2147483647;
			files = (
				712F12AE17E37F4000EA2363 /* InfoPlist.strings in Resources */,
			);
			runOnlyForDeploymentPostprocessing = 0;
		};
/* End PBXResourcesBuildPhase section */

/* Begin PBXShellScriptBuildPhase section */
		4EF559D01B0B4E5CBC86DF7A /* Copy Pods Resources */ = {
			isa = PBXShellScriptBuildPhase;
			buildActionMask = 2147483647;
			files = (
			);
			inputPaths = (
			);
			name = "Copy Pods Resources";
			outputPaths = (
			);
			runOnlyForDeploymentPostprocessing = 0;
			shellPath = /bin/sh;
			shellScript = "\"${SRCROOT}/Pods/Pods-resources.sh\"\n";
			showEnvVarsInLog = 0;
		};
		D83D4E39E2C54C5F893E5023 /* Check Pods Manifest.lock */ = {
			isa = PBXShellScriptBuildPhase;
			buildActionMask = 2147483647;
			files = (
			);
			inputPaths = (
			);
			name = "Check Pods Manifest.lock";
			outputPaths = (
			);
			runOnlyForDeploymentPostprocessing = 0;
			shellPath = /bin/sh;
			shellScript = "diff \"${PODS_ROOT}/../Podfile.lock\" \"${PODS_ROOT}/Manifest.lock\" > /dev/null\nif [[ $? != 0 ]] ; then\n    cat << EOM\nerror: The sandbox is not in sync with the Podfile.lock. Run 'pod install' or update your CocoaPods installation.\nEOM\n    exit 1\nfi\n";
			showEnvVarsInLog = 0;
		};
/* End PBXShellScriptBuildPhase section */

/* Begin PBXSourcesBuildPhase section */
		712F127A17E37F4000EA2363 /* Sources */ = {
			isa = PBXSourcesBuildPhase;
			buildActionMask = 2147483647;
			files = (
				03BCCCA117E4920A00CA02CF /* ARRoomCountSelector.m in Sources */,
				7106A6BA17E48A0A002469FC /* TFHppleElement.m in Sources */,
				712F128E17E37F4000EA2363 /* main.m in Sources */,
				03BCCCAD17E4AF2600CA02CF /* Search.m in Sources */,
				7106A6BB17E48A0A002469FC /* XPathQuery.m in Sources */,
				03E5451317E448EA00E8F81B /* ARSearchesViewController.m in Sources */,
				0362468E17E47DAA00CCCE34 /* ARMetroStationSelector.m in Sources */,
				032FD46F17E4D605005D1CD8 /* ARAddViewController.m in Sources */,
				03E5450017E448BA00E8F81B /* DataModel.xcdatamodeld in Sources */,
				71CF7D7817E43E5300048063 /* ARCIANFetcher.m in Sources */,
				03BCCCAA17E4A8D700CA02CF /* ARBlockingView.m in Sources */,
				712F129217E37F4000EA2363 /* ARAppDelegate.m in Sources */,
				032FD46C17E4D5F1005D1CD8 /* ARFavoritesViewController.m in Sources */,
				03E5451D17E44B3A00E8F81B /* ARMetroStations.m in Sources */,
				03BCCC9E17E491FE00CA02CF /* ARPriceSelector.m in Sources */,
				03E5451417E448EA00E8F81B /* ARSearchViewController.m in Sources */,
				03E5450617E448C900E8F81B /* DataModel+Helper.m in Sources */,
				0362468317E4749B00CCCE34 /* ARSearchResultViewController.m in Sources */,
				0362468017E4748900CCCE34 /* ARSearchResultsViewController.m in Sources */,
				7106A6B917E48A0A002469FC /* TFHpple.m in Sources */,
				03BCCCB017E4AF2600CA02CF /* SearchResult.m in Sources */,
				712F12BB17E3806F00EA2363 /* ARTabBarVC.m in Sources */,
				03E5450517E448C900E8F81B /* DataModel.m in Sources */,
				03E5452417E44E1300E8F81B /* ARBaseViewController.m in Sources */,
				0362468B17E4775100CCCE34 /* ARAboutViewcontroller.m in Sources */,
			);
			runOnlyForDeploymentPostprocessing = 0;
		};
		712F129E17E37F4000EA2363 /* Sources */ = {
			isa = PBXSourcesBuildPhase;
			buildActionMask = 2147483647;
			files = (
				712F12B017E37F4000EA2363 /* ArendatorTests.m in Sources */,
			);
			runOnlyForDeploymentPostprocessing = 0;
		};
/* End PBXSourcesBuildPhase section */

/* Begin PBXTargetDependency section */
		712F12A817E37F4000EA2363 /* PBXTargetDependency */ = {
			isa = PBXTargetDependency;
			target = 712F127D17E37F4000EA2363 /* Arendator */;
			targetProxy = 712F12A717E37F4000EA2363 /* PBXContainerItemProxy */;
		};
/* End PBXTargetDependency section */

/* Begin PBXVariantGroup section */
		034FE2D917E4593A001D1226 /* Localizable.strings */ = {
			isa = PBXVariantGroup;
			children = (
				034FE2DA17E4593A001D1226 /* en */,
			);
			name = Localizable.strings;
			sourceTree = "<group>";
		};
		712F128A17E37F4000EA2363 /* InfoPlist.strings */ = {
			isa = PBXVariantGroup;
			children = (
				712F128B17E37F4000EA2363 /* en */,
			);
			name = InfoPlist.strings;
			sourceTree = "<group>";
		};
		712F12AC17E37F4000EA2363 /* InfoPlist.strings */ = {
			isa = PBXVariantGroup;
			children = (
				712F12AD17E37F4000EA2363 /* en */,
			);
			name = InfoPlist.strings;
			sourceTree = "<group>";
		};
/* End PBXVariantGroup section */

/* Begin XCBuildConfiguration section */
		712F12B117E37F4000EA2363 /* Debug */ = {
			isa = XCBuildConfiguration;
			buildSettings = {
				ALWAYS_SEARCH_USER_PATHS = NO;
				ARCHS = armv7;
				CLANG_CXX_LANGUAGE_STANDARD = "gnu++0x";
				CLANG_CXX_LIBRARY = "libc++";
				CLANG_ENABLE_MODULES = YES;
				CLANG_ENABLE_OBJC_ARC = YES;
				CLANG_WARN_BOOL_CONVERSION = YES;
				CLANG_WARN_CONSTANT_CONVERSION = YES;
				CLANG_WARN_DIRECT_OBJC_ISA_USAGE = YES_ERROR;
				CLANG_WARN_EMPTY_BODY = YES;
				CLANG_WARN_ENUM_CONVERSION = YES;
				CLANG_WARN_INT_CONVERSION = YES;
				CLANG_WARN_OBJC_ROOT_CLASS = YES_ERROR;
				CLANG_WARN__DUPLICATE_METHOD_MATCH = YES;
				"CODE_SIGN_IDENTITY[sdk=iphoneos*]" = "iPhone Developer";
				COPY_PHASE_STRIP = NO;
				GCC_C_LANGUAGE_STANDARD = gnu99;
				GCC_DYNAMIC_NO_PIC = NO;
				GCC_OPTIMIZATION_LEVEL = 0;
				GCC_PREPROCESSOR_DEFINITIONS = (
					"DEBUG=1",
					"$(inherited)",
				);
				GCC_SYMBOLS_PRIVATE_EXTERN = NO;
				GCC_WARN_64_TO_32_BIT_CONVERSION = YES;
				GCC_WARN_ABOUT_RETURN_TYPE = YES_ERROR;
				GCC_WARN_UNDECLARED_SELECTOR = YES;
				GCC_WARN_UNINITIALIZED_AUTOS = YES;
				GCC_WARN_UNUSED_FUNCTION = YES;
				GCC_WARN_UNUSED_VARIABLE = YES;
				IPHONEOS_DEPLOYMENT_TARGET = 7.0;
				ONLY_ACTIVE_ARCH = YES;
				SDKROOT = iphoneos;
			};
			name = Debug;
		};
		712F12B217E37F4000EA2363 /* Release */ = {
			isa = XCBuildConfiguration;
			buildSettings = {
				ALWAYS_SEARCH_USER_PATHS = NO;
				ARCHS = armv7;
				CLANG_CXX_LANGUAGE_STANDARD = "gnu++0x";
				CLANG_CXX_LIBRARY = "libc++";
				CLANG_ENABLE_MODULES = YES;
				CLANG_ENABLE_OBJC_ARC = YES;
				CLANG_WARN_BOOL_CONVERSION = YES;
				CLANG_WARN_CONSTANT_CONVERSION = YES;
				CLANG_WARN_DIRECT_OBJC_ISA_USAGE = YES_ERROR;
				CLANG_WARN_EMPTY_BODY = YES;
				CLANG_WARN_ENUM_CONVERSION = YES;
				CLANG_WARN_INT_CONVERSION = YES;
				CLANG_WARN_OBJC_ROOT_CLASS = YES_ERROR;
				CLANG_WARN__DUPLICATE_METHOD_MATCH = YES;
				"CODE_SIGN_IDENTITY[sdk=iphoneos*]" = "iPhone Developer";
				COPY_PHASE_STRIP = YES;
				ENABLE_NS_ASSERTIONS = NO;
				GCC_C_LANGUAGE_STANDARD = gnu99;
				GCC_WARN_64_TO_32_BIT_CONVERSION = YES;
				GCC_WARN_ABOUT_RETURN_TYPE = YES_ERROR;
				GCC_WARN_UNDECLARED_SELECTOR = YES;
				GCC_WARN_UNINITIALIZED_AUTOS = YES;
				GCC_WARN_UNUSED_FUNCTION = YES;
				GCC_WARN_UNUSED_VARIABLE = YES;
				IPHONEOS_DEPLOYMENT_TARGET = 7.0;
				ONLY_ACTIVE_ARCH = YES;
				SDKROOT = iphoneos;
				VALIDATE_PRODUCT = YES;
			};
			name = Release;
		};
		712F12B417E37F4000EA2363 /* Debug */ = {
			isa = XCBuildConfiguration;
			baseConfigurationReference = 62300BE0BFDB45FBA72777F6 /* Pods.xcconfig */;
			buildSettings = {
				ASSETCATALOG_COMPILER_APPICON_NAME = AppIcon;
				ASSETCATALOG_COMPILER_LAUNCHIMAGE_NAME = LaunchImage;
				CODE_SIGN_IDENTITY = "iPhone Developer";
				GCC_PRECOMPILE_PREFIX_HEADER = YES;
				GCC_PREFIX_HEADER = "Arendator/Arendator-Prefix.pch";
				HEADER_SEARCH_PATHS = (
					"\"${PODS_ROOT}/Headers\"",
					"\"${PODS_ROOT}/Headers/AFNetworking\"",
					"\"${PODS_ROOT}/Headers/SBJson\"",
					"$(SDKROOT)/usr/include/libxml2",
				);
				INFOPLIST_FILE = "Arendator/Arendator-Info.plist";
				PRODUCT_NAME = "$(TARGET_NAME)";
				WRAPPER_EXTENSION = app;
			};
			name = Debug;
		};
		712F12B517E37F4000EA2363 /* Release */ = {
			isa = XCBuildConfiguration;
			baseConfigurationReference = 62300BE0BFDB45FBA72777F6 /* Pods.xcconfig */;
			buildSettings = {
				ASSETCATALOG_COMPILER_APPICON_NAME = AppIcon;
				ASSETCATALOG_COMPILER_LAUNCHIMAGE_NAME = LaunchImage;
				CODE_SIGN_IDENTITY = "iPhone Developer";
				GCC_PRECOMPILE_PREFIX_HEADER = YES;
				GCC_PREFIX_HEADER = "Arendator/Arendator-Prefix.pch";
				HEADER_SEARCH_PATHS = (
					"\"${PODS_ROOT}/Headers\"",
					"\"${PODS_ROOT}/Headers/AFNetworking\"",
					"\"${PODS_ROOT}/Headers/SBJson\"",
					"$(SDKROOT)/usr/include/libxml2",
				);
				INFOPLIST_FILE = "Arendator/Arendator-Info.plist";
				PRODUCT_NAME = "$(TARGET_NAME)";
				WRAPPER_EXTENSION = app;
			};
			name = Release;
		};
		712F12B717E37F4000EA2363 /* Debug */ = {
			isa = XCBuildConfiguration;
			buildSettings = {
				ARCHS = "$(ARCHS_STANDARD_INCLUDING_64_BIT)";
				BUNDLE_LOADER = "$(BUILT_PRODUCTS_DIR)/Arendator.app/Arendator";
				FRAMEWORK_SEARCH_PATHS = (
					"$(SDKROOT)/Developer/Library/Frameworks",
					"$(inherited)",
					"$(DEVELOPER_FRAMEWORKS_DIR)",
				);
				GCC_PRECOMPILE_PREFIX_HEADER = YES;
				GCC_PREFIX_HEADER = "Arendator/Arendator-Prefix.pch";
				GCC_PREPROCESSOR_DEFINITIONS = (
					"DEBUG=1",
					"$(inherited)",
				);
				INFOPLIST_FILE = "ArendatorTests/ArendatorTests-Info.plist";
				PRODUCT_NAME = "$(TARGET_NAME)";
				TEST_HOST = "$(BUNDLE_LOADER)";
				WRAPPER_EXTENSION = xctest;
			};
			name = Debug;
		};
		712F12B817E37F4000EA2363 /* Release */ = {
			isa = XCBuildConfiguration;
			buildSettings = {
				ARCHS = "$(ARCHS_STANDARD_INCLUDING_64_BIT)";
				BUNDLE_LOADER = "$(BUILT_PRODUCTS_DIR)/Arendator.app/Arendator";
				FRAMEWORK_SEARCH_PATHS = (
					"$(SDKROOT)/Developer/Library/Frameworks",
					"$(inherited)",
					"$(DEVELOPER_FRAMEWORKS_DIR)",
				);
				GCC_PRECOMPILE_PREFIX_HEADER = YES;
				GCC_PREFIX_HEADER = "Arendator/Arendator-Prefix.pch";
				INFOPLIST_FILE = "ArendatorTests/ArendatorTests-Info.plist";
				PRODUCT_NAME = "$(TARGET_NAME)";
				TEST_HOST = "$(BUNDLE_LOADER)";
				WRAPPER_EXTENSION = xctest;
			};
			name = Release;
		};
/* End XCBuildConfiguration section */

/* Begin XCConfigurationList section */
		712F127917E37F4000EA2363 /* Build configuration list for PBXProject "Arendator" */ = {
			isa = XCConfigurationList;
			buildConfigurations = (
				712F12B117E37F4000EA2363 /* Debug */,
				712F12B217E37F4000EA2363 /* Release */,
			);
			defaultConfigurationIsVisible = 0;
			defaultConfigurationName = Release;
		};
		712F12B317E37F4000EA2363 /* Build configuration list for PBXNativeTarget "Arendator" */ = {
			isa = XCConfigurationList;
			buildConfigurations = (
				712F12B417E37F4000EA2363 /* Debug */,
				712F12B517E37F4000EA2363 /* Release */,
			);
			defaultConfigurationIsVisible = 0;
			defaultConfigurationName = Release;
		};
		712F12B617E37F4000EA2363 /* Build configuration list for PBXNativeTarget "ArendatorTests" */ = {
			isa = XCConfigurationList;
			buildConfigurations = (
				712F12B717E37F4000EA2363 /* Debug */,
				712F12B817E37F4000EA2363 /* Release */,
			);
			defaultConfigurationIsVisible = 0;
			defaultConfigurationName = Release;
		};
/* End XCConfigurationList section */

/* Begin XCVersionGroup section */
		03E544FE17E448BA00E8F81B /* DataModel.xcdatamodeld */ = {
			isa = XCVersionGroup;
			children = (
				03E544FF17E448BA00E8F81B /* DataModel.xcdatamodel */,
			);
			currentVersion = 03E544FF17E448BA00E8F81B /* DataModel.xcdatamodel */;
			path = DataModel.xcdatamodeld;
			sourceTree = "<group>";
			versionGroupType = wrapper.xcdatamodel;
		};
/* End XCVersionGroup section */
	};
	rootObject = 712F127617E37F4000EA2363 /* Project object */;
}
